
Microsoft Visual Studio Solution File, Format Version 12.00
# Visual Studio Version 16
VisualStudioVersion = 16.0.29409.12
MinimumVisualStudioVersion = 10.0.40219.1
Project("{9A19103F-16F7-4668-BE54-9A1E7A4F7556}") = "vuelingApi", "vuelingApi\vuelingApi.csproj", "{A8EB722E-74EF-4ABC-9110-008DF17BC183}"
EndProject
Project("{9A19103F-16F7-4668-BE54-9A1E7A4F7556}") = "vuelingDataAccess", "vuelingDataAccess\vuelingDataAccess.csproj", "{2618052E-F5A2-4755-9EBB-C0649E638984}"
EndProject
Project("{9A19103F-16F7-4668-BE54-9A1E7A4F7556}") = "vuelingDomain", "vuelingDomain\vuelingDomain.csproj", "{E817710A-7937-486E-8B13-8D7989A92E31}"
EndProject
Project("{9A19103F-16F7-4668-BE54-9A1E7A4F7556}") = "vuelingAplication", "vuelingAplication\vuelingAplication.csproj", "{345BF8A7-8091-4415-947F-46B0D2962AF5}"
EndProject
Project("{9A19103F-16F7-4668-BE54-9A1E7A4F7556}") = "vuelingTest", "vuelingTest\vuelingTest.csproj", "{C6A2E823-9B84-4B30-B060-447CD5ABF84C}"
EndProject
Project("{FAE04EC0-301F-11D3-BF4B-00C04F79EFBC}") = "LoggerService", "LoggerService\LoggerService.csproj", "{F6DF6932-E62D-46D5-BEBB-9B9C6FF40C9F}"
EndProject
Global
	GlobalSection(SolutionConfigurationPlatforms) = preSolution
		Debug|Any CPU = Debug|Any CPU
		Release|Any CPU = Release|Any CPU
	EndGlobalSection
	GlobalSection(ProjectConfigurationPlatforms) = postSolution
		{A8EB722E-74EF-4ABC-9110-008DF17BC183}.Debug|Any CPU.ActiveCfg = Debug|Any CPU
		{A8EB722E-74EF-4ABC-9110-008DF17BC183}.Debug|Any CPU.Build.0 = Debug|Any CPU
		{A8EB722E-74EF-4ABC-9110-008DF17BC183}.Release|Any CPU.ActiveCfg = Release|Any CPU
		{A8EB722E-74EF-4ABC-9110-008DF17BC183}.Release|Any CPU.Build.0 = Release|Any CPU
		{2618052E-F5A2-4755-9EBB-C0649E638984}.Debug|Any CPU.ActiveCfg = Debug|Any CPU
		{2618052E-F5A2-4755-9EBB-C0649E638984}.Debug|Any CPU.Build.0 = Debug|Any CPU
		{2618052E-F5A2-4755-9EBB-C0649E638984}.Release|Any CPU.ActiveCfg = Release|Any CPU
		{2618052E-F5A2-4755-9EBB-C0649E638984}.Release|Any CPU.Build.0 = Release|Any CPU
		{E817710A-7937-486E-8B13-8D7989A92E31}.Debug|Any CPU.ActiveCfg = Debug|Any CPU
		{E817710A-7937-486E-8B13-8D7989A92E31}.Debug|Any CPU.Build.0 = Debug|Any CPU
		{E817710A-7937-486E-8B13-8D7989A92E31}.Release|Any CPU.ActiveCfg = Release|Any CPU
		{E817710A-7937-486E-8B13-8D7989A92E31}.Release|Any CPU.Build.0 = Release|Any CPU
		{345BF8A7-8091-4415-947F-46B0D2962AF5}.Debug|Any CPU.ActiveCfg = Debug|Any CPU
		{345BF8A7-8091-4415-947F-46B0D2962AF5}.Debug|Any CPU.Build.0 = Debug|Any CPU
		{345BF8A7-8091-4415-947F-46B0D2962AF5}.Release|Any CPU.ActiveCfg = Release|Any CPU
		{345BF8A7-8091-4415-947F-46B0D2962AF5}.Release|Any CPU.Build.0 = Release|Any CPU
		{C6A2E823-9B84-4B30-B060-447CD5ABF84C}.Debug|Any CPU.ActiveCfg = Debug|Any CPU
		{C6A2E823-9B84-4B30-B060-447CD5ABF84C}.Debug|Any CPU.Build.0 = Debug|Any CPU
		{C6A2E823-9B84-4B30-B060-447CD5ABF84C}.Release|Any CPU.ActiveCfg = Release|Any CPU
		{C6A2E823-9B84-4B30-B060-447CD5ABF84C}.Release|Any CPU.Build.0 = Release|Any CPU
		{F6DF6932-E62D-46D5-BEBB-9B9C6FF40C9F}.Debug|Any CPU.ActiveCfg = Debug|Any CPU
		{F6DF6932-E62D-46D5-BEBB-9B9C6FF40C9F}.Debug|Any CPU.Build.0 = Debug|Any CPU
		{F6DF6932-E62D-46D5-BEBB-9B9C6FF40C9F}.Release|Any CPU.ActiveCfg = Release|Any CPU
		{F6DF6932-E62D-46D5-BEBB-9B9C6FF40C9F}.Release|Any CPU.Build.0 = Release|Any CPU
	EndGlobalSection
	GlobalSection(SolutionProperties) = preSolution
		HideSolutionNode = FALSE
	EndGlobalSection
	GlobalSection(ExtensibilityGlobals) = postSolution
		SolutionGuid = {D512DA8F-4112-4EA4-B87D-C88694DD1888}
	EndGlobalSection
EndGlobal
