
Microsoft Visual Studio Solution File, Format Version 12.00
# Visual Studio Version 16
VisualStudioVersion = 16.0.29409.12
MinimumVisualStudioVersion = 10.0.40219.1
Project("{FAE04EC0-301F-11D3-BF4B-00C04F79EFBC}") = "vuelingApi", "vuelingApi\vuelingApi.csproj", "{A8EB722E-74EF-4ABC-9110-008DF17BC183}"
EndProject
Global
	GlobalSection(SolutionConfigurationPlatforms) = preSolution
		Debug|Any CPU = Debug|Any CPU
		Release|Any CPU = Release|Any CPU
	EndGlobalSection
	GlobalSection(ProjectConfigurationPlatforms) = postSolution
		{A8EB722E-74EF-4ABC-9110-008DF17BC183}.Debug|Any CPU.ActiveCfg = Debug|Any CPU
		{A8EB722E-74EF-4ABC-9110-008DF17BC183}.Debug|Any CPU.Build.0 = Debug|Any CPU
		{A8EB722E-74EF-4ABC-9110-008DF17BC183}.Release|Any CPU.ActiveCfg = Release|Any CPU
		{A8EB722E-74EF-4ABC-9110-008DF17BC183}.Release|Any CPU.Build.0 = Release|Any CPU
	EndGlobalSection
	GlobalSection(SolutionProperties) = preSolution
		HideSolutionNode = FALSE
	EndGlobalSection
	GlobalSection(ExtensibilityGlobals) = postSolution
		SolutionGuid = {D512DA8F-4112-4EA4-B87D-C88694DD1888}
	EndGlobalSection
EndGlobal
